
Microsoft Visual Studio Solution File, Format Version 12.00
# Visual Studio 2012
Project("{FAE04EC0-301F-11D3-BF4B-00C04F79EFBC}") = "TestApp", "TestApp\TestApp.csproj", "{DBAC9BC5-4085-459F-95A9-9560BA19A3DC}"
EndProject
Global
	GlobalSection(SolutionConfigurationPlatforms) = preSolution
		Debug|Any CPU = Debug|Any CPU
		Release|Any CPU = Release|Any CPU
	EndGlobalSection
	GlobalSection(ProjectConfigurationPlatforms) = postSolution
		{DBAC9BC5-4085-459F-95A9-9560BA19A3DC}.Debug|Any CPU.ActiveCfg = Debug|Any CPU
		{DBAC9BC5-4085-459F-95A9-9560BA19A3DC}.Debug|Any CPU.Build.0 = Debug|Any CPU
		{DBAC9BC5-4085-459F-95A9-9560BA19A3DC}.Release|Any CPU.ActiveCfg = Release|Any CPU
		{DBAC9BC5-4085-459F-95A9-9560BA19A3DC}.Release|Any CPU.Build.0 = Release|Any CPU
	EndGlobalSection
	GlobalSection(SolutionProperties) = preSolution
		HideSolutionNode = FALSE
	EndGlobalSection
EndGlobal
